
Microsoft Visual Studio Solution File, Format Version 12.00
# Visual Studio 15
VisualStudioVersion = 15.0.26730.12
MinimumVisualStudioVersion = 10.0.40219.1
Project("{9A19103F-16F7-4668-BE54-9A1E7A4F7556}") = "ZutoBrewBot", "ZutoBrewBot\ZutoBrewBot.csproj", "{420E29B0-FF81-40FB-B422-D2200D5AC649}"
EndProject
Project("{9A19103F-16F7-4668-BE54-9A1E7A4F7556}") = "ZutoBrewBot.Tests", "ZutoBrewBot.Tests\ZutoBrewBot.Tests.csproj", "{2F66D435-8797-427E-A355-1C9ED8090AB6}"
EndProject
Project("{2150E333-8FDC-42A3-9474-1A3956D46DE8}") = "Solution Items", "Solution Items", "{394567AB-45D2-4D96-A7E6-7448D53E6E2E}"
	ProjectSection(SolutionItems) = preProject
		ZutoBrewBot\Controllers\ValuesController.cs = ZutoBrewBot\Controllers\ValuesController.cs
	EndProjectSection
EndProject
Global
	GlobalSection(SolutionConfigurationPlatforms) = preSolution
		Debug|Any CPU = Debug|Any CPU
		Release|Any CPU = Release|Any CPU
	EndGlobalSection
	GlobalSection(ProjectConfigurationPlatforms) = postSolution
		{420E29B0-FF81-40FB-B422-D2200D5AC649}.Debug|Any CPU.ActiveCfg = Debug|Any CPU
		{420E29B0-FF81-40FB-B422-D2200D5AC649}.Debug|Any CPU.Build.0 = Debug|Any CPU
		{420E29B0-FF81-40FB-B422-D2200D5AC649}.Release|Any CPU.ActiveCfg = Release|Any CPU
		{420E29B0-FF81-40FB-B422-D2200D5AC649}.Release|Any CPU.Build.0 = Release|Any CPU
		{2F66D435-8797-427E-A355-1C9ED8090AB6}.Debug|Any CPU.ActiveCfg = Debug|Any CPU
		{2F66D435-8797-427E-A355-1C9ED8090AB6}.Debug|Any CPU.Build.0 = Debug|Any CPU
		{2F66D435-8797-427E-A355-1C9ED8090AB6}.Release|Any CPU.ActiveCfg = Release|Any CPU
		{2F66D435-8797-427E-A355-1C9ED8090AB6}.Release|Any CPU.Build.0 = Release|Any CPU
	EndGlobalSection
	GlobalSection(SolutionProperties) = preSolution
		HideSolutionNode = FALSE
	EndGlobalSection
	GlobalSection(ExtensibilityGlobals) = postSolution
		SolutionGuid = {787B0F58-9EC5-482B-9890-CB961FB34D86}
	EndGlobalSection
EndGlobal
